
Microsoft Visual Studio Solution File, Format Version 12.00
# Visual Studio Version 17
VisualStudioVersion = 17.10.35004.147
MinimumVisualStudioVersion = 10.0.40219.1
Project("{FAE04EC0-301F-11D3-BF4B-00C04F79EFBC}") = "BW4", "BW4.csproj", "{BB386DBF-640A-46EA-85D0-762F665A88FD}"
EndProject
Global
	GlobalSection(SolutionConfigurationPlatforms) = preSolution
		Debug|Any CPU = Debug|Any CPU
		Release|Any CPU = Release|Any CPU
	EndGlobalSection
	GlobalSection(ProjectConfigurationPlatforms) = postSolution
		{BB386DBF-640A-46EA-85D0-762F665A88FD}.Debug|Any CPU.ActiveCfg = Debug|Any CPU
		{BB386DBF-640A-46EA-85D0-762F665A88FD}.Debug|Any CPU.Build.0 = Debug|Any CPU
		{BB386DBF-640A-46EA-85D0-762F665A88FD}.Release|Any CPU.ActiveCfg = Release|Any CPU
		{BB386DBF-640A-46EA-85D0-762F665A88FD}.Release|Any CPU.Build.0 = Release|Any CPU
	EndGlobalSection
	GlobalSection(SolutionProperties) = preSolution
		HideSolutionNode = FALSE
	EndGlobalSection
	GlobalSection(ExtensibilityGlobals) = postSolution
		SolutionGuid = {8BAD9715-6F05-45AA-8611-B3A79F53297D}
	EndGlobalSection
EndGlobal
